{
  "name": "my-workspaces",
  "version": "1.0.0",
  "lockfileVersion": 3,
  "requires": true,
  "packages": {
    "": {
      "name": "my-workspaces",
      "version": "1.0.0",
      "license": "ISC",
      "workspaces": [
        "packages/*"
      ]
    },
    "node_modules/@my-workspaces/package1": {
      "resolved": "packages/package1",
      "link": true
    },
    "node_modules/@my-workspaces/package2": {
      "resolved": "packages/package2",
      "link": true
    },
    "packages/package1": {
      "name": "@my-workspaces/package1",
      "version": "1.0.0",
      "license": "ISC",
      "dependencies": {
        "@my-workspaces/package2": "*"
      }
    },
    "packages/package2": {
      "name": "@my-workspaces/package2",
      "version": "1.0.0",
      "license": "ISC"
    }
  }
}
